
Microsoft Visual Studio Solution File, Format Version 12.00
# Visual Studio Version 16
VisualStudioVersion = 16.0.29201.188
MinimumVisualStudioVersion = 10.0.40219.1
Project("{FAE04EC0-301F-11D3-BF4B-00C04F79EFBC}") = "FirstWebApp", "FirstWebApp\FirstWebApp.csproj", "{247693F2-808E-41D2-B27F-04ED3EFB406B}"
EndProject
Project("{FAE04EC0-301F-11D3-BF4B-00C04F79EFBC}") = "DAL", "DAL\DAL.csproj", "{DDDB599C-AE0C-40FA-8E91-67A4BB01F06A}"
EndProject
Global
	GlobalSection(SolutionConfigurationPlatforms) = preSolution
		Debug|Any CPU = Debug|Any CPU
		Release|Any CPU = Release|Any CPU
	EndGlobalSection
	GlobalSection(ProjectConfigurationPlatforms) = postSolution
		{247693F2-808E-41D2-B27F-04ED3EFB406B}.Debug|Any CPU.ActiveCfg = Debug|Any CPU
		{247693F2-808E-41D2-B27F-04ED3EFB406B}.Debug|Any CPU.Build.0 = Debug|Any CPU
		{247693F2-808E-41D2-B27F-04ED3EFB406B}.Release|Any CPU.ActiveCfg = Release|Any CPU
		{247693F2-808E-41D2-B27F-04ED3EFB406B}.Release|Any CPU.Build.0 = Release|Any CPU
		{DDDB599C-AE0C-40FA-8E91-67A4BB01F06A}.Debug|Any CPU.ActiveCfg = Debug|Any CPU
		{DDDB599C-AE0C-40FA-8E91-67A4BB01F06A}.Debug|Any CPU.Build.0 = Debug|Any CPU
		{DDDB599C-AE0C-40FA-8E91-67A4BB01F06A}.Release|Any CPU.ActiveCfg = Release|Any CPU
		{DDDB599C-AE0C-40FA-8E91-67A4BB01F06A}.Release|Any CPU.Build.0 = Release|Any CPU
	EndGlobalSection
	GlobalSection(SolutionProperties) = preSolution
		HideSolutionNode = FALSE
	EndGlobalSection
	GlobalSection(ExtensibilityGlobals) = postSolution
		SolutionGuid = {73D62D56-B221-4C78-9429-E6DBBD83DAFA}
	EndGlobalSection
EndGlobal
